
Microsoft Visual Studio Solution File, Format Version 12.00
# Visual Studio 15
Project("{FAE04EC0-301F-11D3-BF4B-00C04F79EFBC}") = "Assembly-CSharp", "Assembly-CSharp.csproj", "{09470A96-A8CB-729B-B6E9-933F1F960684}"
EndProject
Project("{FAE04EC0-301F-11D3-BF4B-00C04F79EFBC}") = "Assembly-CSharp-Editor", "Assembly-CSharp-Editor.csproj", "{4FBBB9CD-8395-553C-7B67-30F28D4F8CD7}"
EndProject
Global
	GlobalSection(SolutionConfigurationPlatforms) = preSolution
		Debug|Any CPU = Debug|Any CPU
		Release|Any CPU = Release|Any CPU
	EndGlobalSection
	GlobalSection(ProjectConfigurationPlatforms) = postSolution
		{09470A96-A8CB-729B-B6E9-933F1F960684}.Debug|Any CPU.ActiveCfg = Debug|Any CPU
		{09470A96-A8CB-729B-B6E9-933F1F960684}.Debug|Any CPU.Build.0 = Debug|Any CPU
		{09470A96-A8CB-729B-B6E9-933F1F960684}.Release|Any CPU.ActiveCfg = Release|Any CPU
		{09470A96-A8CB-729B-B6E9-933F1F960684}.Release|Any CPU.Build.0 = Release|Any CPU
		{4FBBB9CD-8395-553C-7B67-30F28D4F8CD7}.Debug|Any CPU.ActiveCfg = Debug|Any CPU
		{4FBBB9CD-8395-553C-7B67-30F28D4F8CD7}.Debug|Any CPU.Build.0 = Debug|Any CPU
		{4FBBB9CD-8395-553C-7B67-30F28D4F8CD7}.Release|Any CPU.ActiveCfg = Release|Any CPU
		{4FBBB9CD-8395-553C-7B67-30F28D4F8CD7}.Release|Any CPU.Build.0 = Release|Any CPU
	EndGlobalSection
	GlobalSection(SolutionProperties) = preSolution
		HideSolutionNode = FALSE
	EndGlobalSection
EndGlobal
